
Microsoft Visual Studio Solution File, Format Version 12.00
# Visual Studio 15
VisualStudioVersion = 15.0.27703.2000
MinimumVisualStudioVersion = 10.0.40219.1
Project("{FAE04EC0-301F-11D3-BF4B-00C04F79EFBC}") = "KaoQinApp", "KaoQinApp\KaoQinApp.csproj", "{EFAEA228-8971-4444-8137-FB8626196E18}"
EndProject
Global
	GlobalSection(SolutionConfigurationPlatforms) = preSolution
		Debug|Any CPU = Debug|Any CPU
		Release|Any CPU = Release|Any CPU
	EndGlobalSection
	GlobalSection(ProjectConfigurationPlatforms) = postSolution
		{EFAEA228-8971-4444-8137-FB8626196E18}.Debug|Any CPU.ActiveCfg = Debug|Any CPU
		{EFAEA228-8971-4444-8137-FB8626196E18}.Debug|Any CPU.Build.0 = Debug|Any CPU
		{EFAEA228-8971-4444-8137-FB8626196E18}.Release|Any CPU.ActiveCfg = Release|Any CPU
		{EFAEA228-8971-4444-8137-FB8626196E18}.Release|Any CPU.Build.0 = Release|Any CPU
	EndGlobalSection
	GlobalSection(SolutionProperties) = preSolution
		HideSolutionNode = FALSE
	EndGlobalSection
	GlobalSection(ExtensibilityGlobals) = postSolution
		SolutionGuid = {47DC7F16-0DE1-417B-A203-BEEC69240C30}
	EndGlobalSection
EndGlobal
